
Microsoft Visual Studio Solution File, Format Version 12.00
# Visual Studio Version 17
VisualStudioVersion = 17.9.34714.143
MinimumVisualStudioVersion = 10.0.40219.1
Project("{FAE04EC0-301F-11D3-BF4B-00C04F79EFBC}") = "snail", "snail\snail.csproj", "{55F69EBB-5306-497D-89F0-94DB1B5B5F3E}"
EndProject
Global
	GlobalSection(SolutionConfigurationPlatforms) = preSolution
		Debug|Any CPU = Debug|Any CPU
		Release|Any CPU = Release|Any CPU
	EndGlobalSection
	GlobalSection(ProjectConfigurationPlatforms) = postSolution
		{55F69EBB-5306-497D-89F0-94DB1B5B5F3E}.Debug|Any CPU.ActiveCfg = Debug|Any CPU
		{55F69EBB-5306-497D-89F0-94DB1B5B5F3E}.Debug|Any CPU.Build.0 = Debug|Any CPU
		{55F69EBB-5306-497D-89F0-94DB1B5B5F3E}.Release|Any CPU.ActiveCfg = Release|Any CPU
		{55F69EBB-5306-497D-89F0-94DB1B5B5F3E}.Release|Any CPU.Build.0 = Release|Any CPU
	EndGlobalSection
	GlobalSection(SolutionProperties) = preSolution
		HideSolutionNode = FALSE
	EndGlobalSection
	GlobalSection(ExtensibilityGlobals) = postSolution
		SolutionGuid = {62A88AB2-19B1-402D-B2C8-6B04261836A0}
	EndGlobalSection
EndGlobal
